
Microsoft Visual Studio Solution File, Format Version 12.00
# Visual Studio Version 16
VisualStudioVersion = 16.0.809.5
MinimumVisualStudioVersion = 10.0.40219.1
Project("{FAE04EC0-301F-11D3-BF4B-00C04F79EFBC}") = "Challenge_createManyFolders", "Challenge_createManyFolders\Challenge_createManyFolders.csproj", "{9C623FB6-776D-4E69-BAC1-6498CD206D50}"
EndProject
Global
	GlobalSection(SolutionConfigurationPlatforms) = preSolution
		Debug|Any CPU = Debug|Any CPU
		Release|Any CPU = Release|Any CPU
	EndGlobalSection
	GlobalSection(ProjectConfigurationPlatforms) = postSolution
		{9C623FB6-776D-4E69-BAC1-6498CD206D50}.Debug|Any CPU.ActiveCfg = Debug|Any CPU
		{9C623FB6-776D-4E69-BAC1-6498CD206D50}.Debug|Any CPU.Build.0 = Debug|Any CPU
		{9C623FB6-776D-4E69-BAC1-6498CD206D50}.Release|Any CPU.ActiveCfg = Release|Any CPU
		{9C623FB6-776D-4E69-BAC1-6498CD206D50}.Release|Any CPU.Build.0 = Release|Any CPU
	EndGlobalSection
	GlobalSection(SolutionProperties) = preSolution
		HideSolutionNode = FALSE
	EndGlobalSection
	GlobalSection(ExtensibilityGlobals) = postSolution
		SolutionGuid = {BD5451DD-4709-40D2-A910-C4464D301016}
	EndGlobalSection
EndGlobal
