
Microsoft Visual Studio Solution File, Format Version 12.00
# Visual Studio Version 16
VisualStudioVersion = 16.0.809.5
MinimumVisualStudioVersion = 10.0.40219.1
Project("{FAE04EC0-301F-11D3-BF4B-00C04F79EFBC}") = "Day017_session1_Bankaccount", "Day017_session1_Bankaccount\Day017_session1_Bankaccount.csproj", "{B5D7F054-144F-4A75-AC90-7D9BF4B92801}"
EndProject
Global
	GlobalSection(SolutionConfigurationPlatforms) = preSolution
		Debug|Any CPU = Debug|Any CPU
		Release|Any CPU = Release|Any CPU
	EndGlobalSection
	GlobalSection(ProjectConfigurationPlatforms) = postSolution
		{B5D7F054-144F-4A75-AC90-7D9BF4B92801}.Debug|Any CPU.ActiveCfg = Debug|Any CPU
		{B5D7F054-144F-4A75-AC90-7D9BF4B92801}.Debug|Any CPU.Build.0 = Debug|Any CPU
		{B5D7F054-144F-4A75-AC90-7D9BF4B92801}.Release|Any CPU.ActiveCfg = Release|Any CPU
		{B5D7F054-144F-4A75-AC90-7D9BF4B92801}.Release|Any CPU.Build.0 = Release|Any CPU
	EndGlobalSection
	GlobalSection(SolutionProperties) = preSolution
		HideSolutionNode = FALSE
	EndGlobalSection
	GlobalSection(ExtensibilityGlobals) = postSolution
		SolutionGuid = {057798E8-D710-4E88-892C-5536F12EDEC9}
	EndGlobalSection
EndGlobal
